
Microsoft Visual Studio Solution File, Format Version 12.00
# Visual Studio Version 17
VisualStudioVersion = 17.7.34024.191
MinimumVisualStudioVersion = 10.0.40219.1
Project("{2150E333-8FDC-42A3-9474-1A3956D46DE8}") = "Services", "Services", "{1E100962-B8C2-454C-99B5-30DCAC920E7D}"
EndProject
Project("{2150E333-8FDC-42A3-9474-1A3956D46DE8}") = "Catalog", "Catalog", "{C2683CC1-3D91-4B65-9770-5E6628D93AAE}"
EndProject
Project("{FAE04EC0-301F-11D3-BF4B-00C04F79EFBC}") = "OnlineShopping.Catalog", "Services\Catalog\OnlineShopping.Catalog\OnlineShopping.Catalog.csproj", "{0DC124FC-D320-4695-8328-F38A0BDDC672}"
EndProject
Global
	GlobalSection(SolutionConfigurationPlatforms) = preSolution
		Debug|Any CPU = Debug|Any CPU
		Release|Any CPU = Release|Any CPU
	EndGlobalSection
	GlobalSection(ProjectConfigurationPlatforms) = postSolution
		{0DC124FC-D320-4695-8328-F38A0BDDC672}.Debug|Any CPU.ActiveCfg = Debug|Any CPU
		{0DC124FC-D320-4695-8328-F38A0BDDC672}.Debug|Any CPU.Build.0 = Debug|Any CPU
		{0DC124FC-D320-4695-8328-F38A0BDDC672}.Release|Any CPU.ActiveCfg = Release|Any CPU
		{0DC124FC-D320-4695-8328-F38A0BDDC672}.Release|Any CPU.Build.0 = Release|Any CPU
	EndGlobalSection
	GlobalSection(SolutionProperties) = preSolution
		HideSolutionNode = FALSE
	EndGlobalSection
	GlobalSection(NestedProjects) = preSolution
		{C2683CC1-3D91-4B65-9770-5E6628D93AAE} = {1E100962-B8C2-454C-99B5-30DCAC920E7D}
		{0DC124FC-D320-4695-8328-F38A0BDDC672} = {C2683CC1-3D91-4B65-9770-5E6628D93AAE}
	EndGlobalSection
	GlobalSection(ExtensibilityGlobals) = postSolution
		SolutionGuid = {BFD94C80-9D02-4469-8E63-55CD22DFAFDA}
	EndGlobalSection
EndGlobal
