
Microsoft Visual Studio Solution File, Format Version 12.00
# Visual Studio Version 17
VisualStudioVersion = 17.7.34024.191
MinimumVisualStudioVersion = 10.0.40219.1
Project("{2150E333-8FDC-42A3-9474-1A3956D46DE8}") = "Services", "Services", "{1E100962-B8C2-454C-99B5-30DCAC920E7D}"
EndProject
Project("{2150E333-8FDC-42A3-9474-1A3956D46DE8}") = "Catalog", "Catalog", "{C2683CC1-3D91-4B65-9770-5E6628D93AAE}"
EndProject
Project("{9A19103F-16F7-4668-BE54-9A1E7A4F7556}") = "OnlineShopping.Catalog", "Services\Catalog\OnlineShopping.Catalog\OnlineShopping.Catalog.csproj", "{0DC124FC-D320-4695-8328-F38A0BDDC672}"
EndProject
Project("{2150E333-8FDC-42A3-9474-1A3956D46DE8}") = "Discount", "Discount", "{E3BF440D-A867-44DB-8820-37CC1CAECF87}"
EndProject
Project("{9A19103F-16F7-4668-BE54-9A1E7A4F7556}") = "OnlineShopping.Discount", "Services\Discount\OnlineShopping.Discount\OnlineShopping.Discount.csproj", "{1B5CDD84-145B-4888-A8B8-DF35B753EA40}"
EndProject
Project("{2150E333-8FDC-42A3-9474-1A3956D46DE8}") = "Order", "Order", "{804CF19A-2B5E-4289-B09E-6B2D2EA95E8F}"
EndProject
Project("{2150E333-8FDC-42A3-9474-1A3956D46DE8}") = "Core", "Core", "{EFE2F216-493A-42EB-BD31-8A35998C57CF}"
EndProject
Project("{2150E333-8FDC-42A3-9474-1A3956D46DE8}") = "Presentation", "Presentation", "{F09C2B33-3845-4ED9-8CA4-9AE27463F03E}"
EndProject
Project("{2150E333-8FDC-42A3-9474-1A3956D46DE8}") = "Infrastructure", "Infrastructure", "{CAE5C76F-17AC-41D1-AA0E-76F87C9BDFAC}"
EndProject
Project("{9A19103F-16F7-4668-BE54-9A1E7A4F7556}") = "OnlineShopping.Order.Domain", "Services\Order\Core\OnlineShopping.Order.Domain\OnlineShopping.Order.Domain.csproj", "{9B4B359A-35A6-4E72-ADB1-59F73303446B}"
EndProject
Project("{9A19103F-16F7-4668-BE54-9A1E7A4F7556}") = "OnlineShopping.Order.Apllication", "Services\Order\Core\OnlineShopping.Order.Apllication\OnlineShopping.Order.Apllication.csproj", "{14E9B4E0-B627-472D-B27F-5CC678814443}"
EndProject
Project("{9A19103F-16F7-4668-BE54-9A1E7A4F7556}") = "OnlineShopping.Order.Persistence", "Services\Order\Infrastructure\OnlineShopping.Order.Persistence\OnlineShopping.Order.Persistence.csproj", "{4C8D9D89-A555-4C60-A609-4FCB79220E42}"
EndProject
Project("{9A19103F-16F7-4668-BE54-9A1E7A4F7556}") = "OnlineShopping.Order.WebApi", "Services\Order\Presentation\OnlineShopping.Order.WebApi\OnlineShopping.Order.WebApi.csproj", "{A697E0C9-4C4C-4CE4-98BE-DBD2AD85FC0B}"
EndProject
Global
	GlobalSection(SolutionConfigurationPlatforms) = preSolution
		Debug|Any CPU = Debug|Any CPU
		Release|Any CPU = Release|Any CPU
	EndGlobalSection
	GlobalSection(ProjectConfigurationPlatforms) = postSolution
		{0DC124FC-D320-4695-8328-F38A0BDDC672}.Debug|Any CPU.ActiveCfg = Debug|Any CPU
		{0DC124FC-D320-4695-8328-F38A0BDDC672}.Debug|Any CPU.Build.0 = Debug|Any CPU
		{0DC124FC-D320-4695-8328-F38A0BDDC672}.Release|Any CPU.ActiveCfg = Release|Any CPU
		{0DC124FC-D320-4695-8328-F38A0BDDC672}.Release|Any CPU.Build.0 = Release|Any CPU
		{1B5CDD84-145B-4888-A8B8-DF35B753EA40}.Debug|Any CPU.ActiveCfg = Debug|Any CPU
		{1B5CDD84-145B-4888-A8B8-DF35B753EA40}.Debug|Any CPU.Build.0 = Debug|Any CPU
		{1B5CDD84-145B-4888-A8B8-DF35B753EA40}.Release|Any CPU.ActiveCfg = Release|Any CPU
		{1B5CDD84-145B-4888-A8B8-DF35B753EA40}.Release|Any CPU.Build.0 = Release|Any CPU
		{9B4B359A-35A6-4E72-ADB1-59F73303446B}.Debug|Any CPU.ActiveCfg = Debug|Any CPU
		{9B4B359A-35A6-4E72-ADB1-59F73303446B}.Debug|Any CPU.Build.0 = Debug|Any CPU
		{9B4B359A-35A6-4E72-ADB1-59F73303446B}.Release|Any CPU.ActiveCfg = Release|Any CPU
		{9B4B359A-35A6-4E72-ADB1-59F73303446B}.Release|Any CPU.Build.0 = Release|Any CPU
		{14E9B4E0-B627-472D-B27F-5CC678814443}.Debug|Any CPU.ActiveCfg = Debug|Any CPU
		{14E9B4E0-B627-472D-B27F-5CC678814443}.Debug|Any CPU.Build.0 = Debug|Any CPU
		{14E9B4E0-B627-472D-B27F-5CC678814443}.Release|Any CPU.ActiveCfg = Release|Any CPU
		{14E9B4E0-B627-472D-B27F-5CC678814443}.Release|Any CPU.Build.0 = Release|Any CPU
		{4C8D9D89-A555-4C60-A609-4FCB79220E42}.Debug|Any CPU.ActiveCfg = Debug|Any CPU
		{4C8D9D89-A555-4C60-A609-4FCB79220E42}.Debug|Any CPU.Build.0 = Debug|Any CPU
		{4C8D9D89-A555-4C60-A609-4FCB79220E42}.Release|Any CPU.ActiveCfg = Release|Any CPU
		{4C8D9D89-A555-4C60-A609-4FCB79220E42}.Release|Any CPU.Build.0 = Release|Any CPU
		{A697E0C9-4C4C-4CE4-98BE-DBD2AD85FC0B}.Debug|Any CPU.ActiveCfg = Debug|Any CPU
		{A697E0C9-4C4C-4CE4-98BE-DBD2AD85FC0B}.Debug|Any CPU.Build.0 = Debug|Any CPU
		{A697E0C9-4C4C-4CE4-98BE-DBD2AD85FC0B}.Release|Any CPU.ActiveCfg = Release|Any CPU
		{A697E0C9-4C4C-4CE4-98BE-DBD2AD85FC0B}.Release|Any CPU.Build.0 = Release|Any CPU
	EndGlobalSection
	GlobalSection(SolutionProperties) = preSolution
		HideSolutionNode = FALSE
	EndGlobalSection
	GlobalSection(NestedProjects) = preSolution
		{C2683CC1-3D91-4B65-9770-5E6628D93AAE} = {1E100962-B8C2-454C-99B5-30DCAC920E7D}
		{0DC124FC-D320-4695-8328-F38A0BDDC672} = {C2683CC1-3D91-4B65-9770-5E6628D93AAE}
		{E3BF440D-A867-44DB-8820-37CC1CAECF87} = {1E100962-B8C2-454C-99B5-30DCAC920E7D}
		{1B5CDD84-145B-4888-A8B8-DF35B753EA40} = {E3BF440D-A867-44DB-8820-37CC1CAECF87}
		{804CF19A-2B5E-4289-B09E-6B2D2EA95E8F} = {1E100962-B8C2-454C-99B5-30DCAC920E7D}
		{EFE2F216-493A-42EB-BD31-8A35998C57CF} = {804CF19A-2B5E-4289-B09E-6B2D2EA95E8F}
		{F09C2B33-3845-4ED9-8CA4-9AE27463F03E} = {804CF19A-2B5E-4289-B09E-6B2D2EA95E8F}
		{CAE5C76F-17AC-41D1-AA0E-76F87C9BDFAC} = {804CF19A-2B5E-4289-B09E-6B2D2EA95E8F}
		{9B4B359A-35A6-4E72-ADB1-59F73303446B} = {EFE2F216-493A-42EB-BD31-8A35998C57CF}
		{14E9B4E0-B627-472D-B27F-5CC678814443} = {EFE2F216-493A-42EB-BD31-8A35998C57CF}
		{4C8D9D89-A555-4C60-A609-4FCB79220E42} = {CAE5C76F-17AC-41D1-AA0E-76F87C9BDFAC}
		{A697E0C9-4C4C-4CE4-98BE-DBD2AD85FC0B} = {F09C2B33-3845-4ED9-8CA4-9AE27463F03E}
	EndGlobalSection
	GlobalSection(ExtensibilityGlobals) = postSolution
		SolutionGuid = {BFD94C80-9D02-4469-8E63-55CD22DFAFDA}
	EndGlobalSection
EndGlobal
